{
    "hash": "067cd3e37588fda09712191c588b0a87",
    "packages": [
        {
            "name": "videlalvaro/php-amqplib",
            "version": "dev-master",
            "source": {
                "type": "git",
                "url": "git://github.com/videlalvaro/php-amqplib.git",
                "reference": "6ce5a028496a5c68371bd571d47467c583d17154"
            },
            "dist": {
                "type": "zip",
                "url": "https://github.com/videlalvaro/php-amqplib/archive/6ce5a028496a5c68371bd571d47467c583d17154.zip",
                "reference": "6ce5a028496a5c68371bd571d47467c583d17154",
                "shasum": ""
            },
            "require": {
                "php": ">=5.3.0"
            },
            "time": "2012-12-04 15:08:38",
            "type": "library",
            "installation-source": "source",
            "autoload": {
                "psr-0": {
                    "PhpAmqpLib": ""
                }
            },
            "notification-url": "https://packagist.org/downloads/",
            "authors": [
                {
                    "name": "Alvaro Videla"
                }
            ],
            "description": "This library is a pure PHP implementation of the AMQP protocol. It's been tested against RabbitMQ.",
            "homepage": "https://github.com/videlalvaro/php-amqplib/",
            "keywords": [
                "queue",
                "rabbitmq",
                "message"
            ]
        }
    ],
    "packages-dev": null,
    "aliases": [

    ],
    "minimum-stability": "stable",
    "stability-flags": {
        "videlalvaro/php-amqplib": 20
    }
}
